
Microsoft Visual Studio Solution File, Format Version 12.00
# Visual Studio Version 17
VisualStudioVersion = 17.8.34511.84
MinimumVisualStudioVersion = 10.0.40219.1
Project("{FAE04EC0-301F-11D3-BF4B-00C04F79EFBC}") = "Presentation", "Presentation\Presentation.csproj", "{3B67FC42-3544-4456-A312-CB87AEE5D8C2}"
EndProject
Project("{FAE04EC0-301F-11D3-BF4B-00C04F79EFBC}") = "Domain", "Domain\Domain.csproj", "{8DA6FB91-2592-45B3-BAE6-7257F0CEDF98}"
EndProject
Project("{FAE04EC0-301F-11D3-BF4B-00C04F79EFBC}") = "Infrastructure", "Infrastructure\Infrastructure.csproj", "{EAC7DE7D-1C4B-49B8-B0E7-30079A187A21}"
EndProject
Project("{FAE04EC0-301F-11D3-BF4B-00C04F79EFBC}") = "Services", "Services\Services.csproj", "{36DE9E25-6008-45BB-BCAD-FEAE808694EF}"
EndProject
Global
	GlobalSection(SolutionConfigurationPlatforms) = preSolution
		Debug|Any CPU = Debug|Any CPU
		Release|Any CPU = Release|Any CPU
	EndGlobalSection
	GlobalSection(ProjectConfigurationPlatforms) = postSolution
		{3B67FC42-3544-4456-A312-CB87AEE5D8C2}.Debug|Any CPU.ActiveCfg = Debug|Any CPU
		{3B67FC42-3544-4456-A312-CB87AEE5D8C2}.Debug|Any CPU.Build.0 = Debug|Any CPU
		{3B67FC42-3544-4456-A312-CB87AEE5D8C2}.Release|Any CPU.ActiveCfg = Release|Any CPU
		{3B67FC42-3544-4456-A312-CB87AEE5D8C2}.Release|Any CPU.Build.0 = Release|Any CPU
		{8DA6FB91-2592-45B3-BAE6-7257F0CEDF98}.Debug|Any CPU.ActiveCfg = Debug|Any CPU
		{8DA6FB91-2592-45B3-BAE6-7257F0CEDF98}.Debug|Any CPU.Build.0 = Debug|Any CPU
		{8DA6FB91-2592-45B3-BAE6-7257F0CEDF98}.Release|Any CPU.ActiveCfg = Release|Any CPU
		{8DA6FB91-2592-45B3-BAE6-7257F0CEDF98}.Release|Any CPU.Build.0 = Release|Any CPU
		{EAC7DE7D-1C4B-49B8-B0E7-30079A187A21}.Debug|Any CPU.ActiveCfg = Debug|Any CPU
		{EAC7DE7D-1C4B-49B8-B0E7-30079A187A21}.Debug|Any CPU.Build.0 = Debug|Any CPU
		{EAC7DE7D-1C4B-49B8-B0E7-30079A187A21}.Release|Any CPU.ActiveCfg = Release|Any CPU
		{EAC7DE7D-1C4B-49B8-B0E7-30079A187A21}.Release|Any CPU.Build.0 = Release|Any CPU
		{36DE9E25-6008-45BB-BCAD-FEAE808694EF}.Debug|Any CPU.ActiveCfg = Debug|Any CPU
		{36DE9E25-6008-45BB-BCAD-FEAE808694EF}.Debug|Any CPU.Build.0 = Debug|Any CPU
		{36DE9E25-6008-45BB-BCAD-FEAE808694EF}.Release|Any CPU.ActiveCfg = Release|Any CPU
		{36DE9E25-6008-45BB-BCAD-FEAE808694EF}.Release|Any CPU.Build.0 = Release|Any CPU
	EndGlobalSection
	GlobalSection(SolutionProperties) = preSolution
		HideSolutionNode = FALSE
	EndGlobalSection
	GlobalSection(ExtensibilityGlobals) = postSolution
		SolutionGuid = {A20956BE-CBEF-4DE9-B537-48C9A1ADAFA4}
	EndGlobalSection
EndGlobal
